
Microsoft Visual Studio Solution File, Format Version 12.00
# Visual Studio Version 17
VisualStudioVersion = 17.7.34024.191
MinimumVisualStudioVersion = 10.0.40219.1
Project("{FAE04EC0-301F-11D3-BF4B-00C04F79EFBC}") = "RestWithAspNetAPI", "RestWithAspNetAPI\RestWithAspNetAPI.csproj", "{56922FE8-7CE4-4872-823D-9BA032193497}"
EndProject
Global
	GlobalSection(SolutionConfigurationPlatforms) = preSolution
		Debug|Any CPU = Debug|Any CPU
		Release|Any CPU = Release|Any CPU
	EndGlobalSection
	GlobalSection(ProjectConfigurationPlatforms) = postSolution
		{56922FE8-7CE4-4872-823D-9BA032193497}.Debug|Any CPU.ActiveCfg = Debug|Any CPU
		{56922FE8-7CE4-4872-823D-9BA032193497}.Debug|Any CPU.Build.0 = Debug|Any CPU
		{56922FE8-7CE4-4872-823D-9BA032193497}.Release|Any CPU.ActiveCfg = Release|Any CPU
		{56922FE8-7CE4-4872-823D-9BA032193497}.Release|Any CPU.Build.0 = Release|Any CPU
	EndGlobalSection
	GlobalSection(SolutionProperties) = preSolution
		HideSolutionNode = FALSE
	EndGlobalSection
	GlobalSection(ExtensibilityGlobals) = postSolution
		SolutionGuid = {07C32473-4785-4CB7-8173-8AC3700665EB}
	EndGlobalSection
EndGlobal
